[[package]]
category = "main"
description = "Universal Python binding for the LMDB 'Lightning' Database"
name = "lmdb"
optional = false
python-versions = "*"
version = "0.98"

[metadata]
content-hash = "d1886475d5ab6adce7108dfdd79bca9c9d0483abaa227979b92c04f6ea6a014f"
python-versions = "^3.8"

[metadata.files]
lmdb = [
    {file = "lmdb-0.98-cp27-cp27m-win32.whl", hash = "sha256:45db7b7da2e0b7122f0a140c9fb99cd6fd4bb734106b3e9390cf7caef0cb48ee"},
    {file = "lmdb-0.98-cp27-cp27m-win_amd64.whl", hash = "sha256:bb48b89aa8d62145758992095b6b7c323815482364b684b8e3318a8a2c64eb16"},
    {file = "lmdb-0.98-cp34-cp34m-win32.whl", hash = "sha256:efec783301d893fc7fe059abf4737a08cfb07a3189f7bbfcce558b2bb9787d25"},
    {file = "lmdb-0.98-cp35-cp35m-win32.whl", hash = "sha256:15aa0ba7d3f17b6842ab1547e1224d9f444529d01e1bf443cc7d3f35445a98f4"},
    {file = "lmdb-0.98-cp35-cp35m-win_amd64.whl", hash = "sha256:00ef17fe432088e979f004aa09d3dc741b998b86f67dde5d35a474b065b33789"},
    {file = "lmdb-0.98-cp36-cp36m-win32.whl", hash = "sha256:11f70bde9f502b2843f9cab12d2d81080e6e5eefe8871c3011be7428802c1bd8"},
    {file = "lmdb-0.98-cp36-cp36m-win_amd64.whl", hash = "sha256:df2ac8fa4047afa38940b3f96db91764deb94fd8d275e639a02e779493724be4"},
    {file = "lmdb-0.98-cp37-cp37m-win32.whl", hash = "sha256:6769750d08619d18e945e5cd16a129cc5fb1ac5a55a9745ed4f8cbebaed0895d"},
    {file = "lmdb-0.98-cp37-cp37m-win_amd64.whl", hash = "sha256:c002faf238ac765df5b18a0bed5a8dbeab36bf4bc2a7253899769ae615fd74df"},
    {file = "lmdb-0.98-py2.7-win-amd64.egg", hash = "sha256:a186308016c26d38858c86a895cbf6a538aeaf5249815646935da7b0fe922758"},
    {file = "lmdb-0.98-py2.7-win32.egg", hash = "sha256:f831ea263a3ebdbc66d5137c6f2e999d1aeaa8ea0d3256cf6cd56cf44f5af1be"},
    {file = "lmdb-0.98-py3.4-win32.egg", hash = "sha256:7c4eb54e25234ea16b46b4baddc4020d63ad5697eb8fe07b18580fa8906bffd6"},
    {file = "lmdb-0.98-py3.5-win-amd64.egg", hash = "sha256:baa501d3c20fb1475c99182ba57de25117c480539b12200b53208da2e7af6a1e"},
    {file = "lmdb-0.98-py3.5-win32.egg", hash = "sha256:2ef48435985687d9e3c248ca9f01fa7ce6716fb6bdcfbca5cba18939ba6a497d"},
    {file = "lmdb-0.98-py3.6-win-amd64.egg", hash = "sha256:d79e352433f64dfe17236cf53bd8c68ebf4789473d6056d1aa73f02266448df9"},
    {file = "lmdb-0.98-py3.6-win32.egg", hash = "sha256:a3428c5ef487c13e5d7305bcbbb978d6a6fe9c23c24974f77162dc2a7d3fc7fd"},
    {file = "lmdb-0.98-py3.7-win-amd64.egg", hash = "sha256:096e89ad61d64db4cececb0c230187eb74438437d367752f57a204b3d2eacd2c"},
    {file = "lmdb-0.98-py3.7-win32.egg", hash = "sha256:444d702430fcacb4d7e0e502e24fa62de05db45074171433a54c013ecf66dabd"},
    {file = "lmdb-0.98.tar.gz", hash = "sha256:0625bc28bf0893e6000a83be7234f915ca078c32f9e73d8ae48b3508db7af708"},
]
